dependencies:
  espressif/led_strip:
    component_hash: b578eb926d9f6402fd45398b53c9bd5d1b7a15c1b2974d25aa3088e6c79b0b4c
    source:
      service_url: https://api.components.espressif.com/
      type: service
    version: 3.0.1
  idf:
    component_hash: null
    source:
      type: idf
    version: 5.2.1
manifest_hash: a00afc106aca86b01adbc9b3e52080f577484aac447b3256325c10972b5193ac
target: esp32c6
version: 1.0.0
